
Microsoft Visual Studio Solution File, Format Version 12.00
# Visual Studio Version 16
VisualStudioVersion = 16.0.30225.117
MinimumVisualStudioVersion = 10.0.40219.1
Project("{FAE04EC0-301F-11D3-BF4B-00C04F79EFBC}") = "Quizy_Games", "Quizy_Games.csproj", "{A1B0FB61-8F0D-4101-8CE9-8B4149003AAB}"
EndProject
Global
	GlobalSection(SolutionConfigurationPlatforms) = preSolution
		Debug|Any CPU = Debug|Any CPU
		Release|Any CPU = Release|Any CPU
	EndGlobalSection
	GlobalSection(ProjectConfigurationPlatforms) = postSolution
		{A1B0FB61-8F0D-4101-8CE9-8B4149003AAB}.Debug|Any CPU.ActiveCfg = Debug|Any CPU
		{A1B0FB61-8F0D-4101-8CE9-8B4149003AAB}.Debug|Any CPU.Build.0 = Debug|Any CPU
		{A1B0FB61-8F0D-4101-8CE9-8B4149003AAB}.Release|Any CPU.ActiveCfg = Release|Any CPU
		{A1B0FB61-8F0D-4101-8CE9-8B4149003AAB}.Release|Any CPU.Build.0 = Release|Any CPU
	EndGlobalSection
	GlobalSection(SolutionProperties) = preSolution
		HideSolutionNode = FALSE
	EndGlobalSection
	GlobalSection(ExtensibilityGlobals) = postSolution
		SolutionGuid = {42E53F68-4CED-47B7-AB0C-040E5CAF410A}
	EndGlobalSection
EndGlobal
